// !$*UTF8*$!
{
	archiveVersion = 1;
	classes = {
	};
	objectVersion = 54;
	objects = {

/* Begin PBXBuildFile section */
		13A5260ABDF11F48DFC69373 /* AppDelegate.swift in Sources */ = {isa = PBXBuildFile; fileRef = 753DDD30F01FF6ABF8224AB3 /* AppDelegate.swift */; };
		381FF70651FD14C4039B822A /* MenuBarController.swift in Sources */ = {isa = PBXBuildFile; fileRef = 9818651F1FD5C3BBBB822E8D /* MenuBarController.swift */; };
		4D97DDA082F834B675EA30BE /* DNSProfile.swift in Sources */ = {isa = PBXBuildFile; fileRef = A7D552A464073A10EF9AD81C /* DNSProfile.swift */; };
		70F967074CA6B6C9B207A5AD /* DNSChangerClient.swift in Sources */ = {isa = PBXBuildFile; fileRef = 7910A52341056A29A5039445 /* DNSChangerClient.swift */; };
		97E1E5668D7B9B741FE01F90 /* DNSChangerApp.swift in Sources */ = {isa = PBXBuildFile; fileRef = 89D962515876E79AFD7405CE /* DNSChangerApp.swift */; };
		9A23F951833B5992A634D6AA /* DNSChangerProtocol.swift in Sources */ = {isa = PBXBuildFile; fileRef = FEF5CECE8E989FF021E97525 /* DNSChangerProtocol.swift */; };
		9BA6E39F854E33FEC8C49FCB /* DNSChangerProtocol.swift in Sources */ = {isa = PBXBuildFile; fileRef = FEF5CECE8E989FF021E97525 /* DNSChangerProtocol.swift */; };
		AB605DFE3B6772FBA260D02D /* ProxyManager.swift in Sources */ = {isa = PBXBuildFile; fileRef = 4BBB4FDCB8EDBFBFA50368D5 /* ProxyManager.swift */; };
		ABAC3E948F93270815785CB4 /* DNSChangerHelper.swift in Sources */ = {isa = PBXBuildFile; fileRef = 98DB0A57791843B39CD28932 /* DNSChangerHelper.swift */; };
		BA4814724875B82B47F9BC25 /* DNSChangerHelper in Resources */ = {isa = PBXBuildFile; fileRef = AAA97FE820675F865DE972A8 /* DNSChangerHelper */; settings = {ATTRIBUTES = (RemoveHeadersOnCopy, ); }; };
		D521211F79B20318340BB8A3 /* main.swift in Sources */ = {isa = PBXBuildFile; fileRef = 0191E80B5AF22E3A39DB92B2 /* main.swift */; };
		E5FD49FF04B1F795AB58456A /* ProxyManager.swift in Sources */ = {isa = PBXBuildFile; fileRef = 4BBB4FDCB8EDBFBFA50368D5 /* ProxyManager.swift */; };
/* End PBXBuildFile section */

/* Begin PBXContainerItemProxy section */
		F7E94C1AD424845FB611EFA7 /* PBXContainerItemProxy */ = {
			isa = PBXContainerItemProxy;
			containerPortal = 08DB6EE86A0CF40EE012932E /* Project object */;
			proxyType = 1;
			remoteGlobalIDString = B051C26753161A0A9EAF1587;
			remoteInfo = DNSChangerHelper;
		};
/* End PBXContainerItemProxy section */

/* Begin PBXFileReference section */
		0191E80B5AF22E3A39DB92B2 /* main.swift */ = {isa = PBXFileReference; lastKnownFileType = sourcecode.swift; path = main.swift; sourceTree = "<group>"; };
		2AC5ED0083ED1B5D90412485 /* DNSChanger.app */ = {isa = PBXFileReference; explicitFileType = wrapper.application; includeInIndex = 0; path = DNSChanger.app; sourceTree = BUILT_PRODUCTS_DIR; };
		4BBB4FDCB8EDBFBFA50368D5 /* ProxyManager.swift */ = {isa = PBXFileReference; lastKnownFileType = sourcecode.swift; path = ProxyManager.swift; sourceTree = "<group>"; };
		753DDD30F01FF6ABF8224AB3 /* AppDelegate.swift */ = {isa = PBXFileReference; lastKnownFileType = sourcecode.swift; path = AppDelegate.swift; sourceTree = "<group>"; };
		7910A52341056A29A5039445 /* DNSChangerClient.swift */ = {isa = PBXFileReference; lastKnownFileType = sourcecode.swift; path = DNSChangerClient.swift; sourceTree = "<group>"; };
		89D962515876E79AFD7405CE /* DNSChangerApp.swift */ = {isa = PBXFileReference; lastKnownFileType = sourcecode.swift; path = DNSChangerApp.swift; sourceTree = "<group>"; };
		9818651F1FD5C3BBBB822E8D /* MenuBarController.swift */ = {isa = PBXFileReference; lastKnownFileType = sourcecode.swift; path = MenuBarController.swift; sourceTree = "<group>"; };
		98DB0A57791843B39CD28932 /* DNSChangerHelper.swift */ = {isa = PBXFileReference; lastKnownFileType = sourcecode.swift; path = DNSChangerHelper.swift; sourceTree = "<group>"; };
		A7D552A464073A10EF9AD81C /* DNSProfile.swift */ = {isa = PBXFileReference; lastKnownFileType = sourcecode.swift; path = DNSProfile.swift; sourceTree = "<group>"; };
		AAA97FE820675F865DE972A8 /* DNSChangerHelper */ = {isa = PBXFileReference; includeInIndex = 0; path = DNSChangerHelper; sourceTree = BUILT_PRODUCTS_DIR; };
		ED5D32B93C5FF504B38D2AEC /* Info.plist */ = {isa = PBXFileReference; lastKnownFileType = text.plist; path = Info.plist; sourceTree = "<group>"; };
		FEF5CECE8E989FF021E97525 /* DNSChangerProtocol.swift */ = {isa = PBXFileReference; lastKnownFileType = sourcecode.swift; path = DNSChangerProtocol.swift; sourceTree = "<group>"; };
/* End PBXFileReference section */

/* Begin PBXGroup section */
		207C4D324AB2965AA5B0692B /* Helper */ = {
			isa = PBXGroup;
			children = (
				98DB0A57791843B39CD28932 /* DNSChangerHelper.swift */,
				ED5D32B93C5FF504B38D2AEC /* Info.plist */,
				0191E80B5AF22E3A39DB92B2 /* main.swift */,
			);
			path = Helper;
			sourceTree = "<group>";
		};
		2B0D9416F000A5DFF68581EE /* dnsswitcher */ = {
			isa = PBXGroup;
			children = (
				6DF2818AACA71594BA85459E /* Sources */,
			);
			name = dnsswitcher;
			path = ..;
			sourceTree = "<group>";
		};
		46FAF25C870E51855F51CDE1 /* Shared */ = {
			isa = PBXGroup;
			children = (
				FEF5CECE8E989FF021E97525 /* DNSChangerProtocol.swift */,
				4BBB4FDCB8EDBFBFA50368D5 /* ProxyManager.swift */,
			);
			path = Shared;
			sourceTree = "<group>";
		};
		6DF2818AACA71594BA85459E /* Sources */ = {
			isa = PBXGroup;
			children = (
				A2FA3F9D30F815244A756045 /* App */,
				207C4D324AB2965AA5B0692B /* Helper */,
				46FAF25C870E51855F51CDE1 /* Shared */,
			);
			path = Sources;
			sourceTree = "<group>";
		};
		9264580A7D95B1692D5C1C6B = {
			isa = PBXGroup;
			children = (
				2B0D9416F000A5DFF68581EE /* dnsswitcher */,
				974459E786F29A520162D55A /* Products */,
			);
			sourceTree = "<group>";
		};
		974459E786F29A520162D55A /* Products */ = {
			isa = PBXGroup;
			children = (
				2AC5ED0083ED1B5D90412485 /* DNSChanger.app */,
				AAA97FE820675F865DE972A8 /* DNSChangerHelper */,
			);
			name = Products;
			sourceTree = "<group>";
		};
		A2FA3F9D30F815244A756045 /* App */ = {
			isa = PBXGroup;
			children = (
				753DDD30F01FF6ABF8224AB3 /* AppDelegate.swift */,
				89D962515876E79AFD7405CE /* DNSChangerApp.swift */,
				7910A52341056A29A5039445 /* DNSChangerClient.swift */,
				9818651F1FD5C3BBBB822E8D /* MenuBarController.swift */,
				B062C633CC5FC117E73959D5 /* Models */,
			);
			path = App;
			sourceTree = "<group>";
		};
		B062C633CC5FC117E73959D5 /* Models */ = {
			isa = PBXGroup;
			children = (
				A7D552A464073A10EF9AD81C /* DNSProfile.swift */,
			);
			path = Models;
			sourceTree = "<group>";
		};
/* End PBXGroup section */

/* Begin PBXNativeTarget section */
		B051C26753161A0A9EAF1587 /* DNSChangerHelper */ = {
			isa = PBXNativeTarget;
			buildConfigurationList = 875E2BB94B43F96C922FA17F /* Build configuration list for PBXNativeTarget "DNSChangerHelper" */;
			buildPhases = (
				E00171D4D1F902CD8D82D97B /* Sources */,
				B23688D43318075A85B0AF10 /* Create Launchd Plist */,
			);
			buildRules = (
			);
			dependencies = (
			);
			name = DNSChangerHelper;
			productName = DNSChangerHelper;
			productReference = AAA97FE820675F865DE972A8 /* DNSChangerHelper */;
			productType = "com.apple.product-type.tool";
		};
		C4B615C12D974A47A115ED34 /* DNSChanger */ = {
			isa = PBXNativeTarget;
			buildConfigurationList = 657BD6596B599B5D560511C8 /* Build configuration list for PBXNativeTarget "DNSChanger" */;
			buildPhases = (
				FABAB12676056381B774FC9D /* Inject Helper Code Requirement */,
				16292721E99A11426B605A78 /* Sources */,
				8B0158AB8971349F4D1E96DC /* Resources */,
				3781A3FAD1CCF81485427E54 /* Embed Helper into App Bundle */,
				600B10C00DC0F1BFEF6E2B22 /* Copy Proxy Resources */,
			);
			buildRules = (
			);
			dependencies = (
				FDD311AC920F73340F3BF7CA /* PBXTargetDependency */,
			);
			name = DNSChanger;
			productName = DNSChanger;
			productReference = 2AC5ED0083ED1B5D90412485 /* DNSChanger.app */;
			productType = "com.apple.product-type.application";
		};
/* End PBXNativeTarget section */

/* Begin PBXProject section */
		08DB6EE86A0CF40EE012932E /* Project object */ = {
			isa = PBXProject;
			attributes = {
				BuildIndependentTargetsInParallel = YES;
				LastUpgradeCheck = 1430;
				TargetAttributes = {
					B051C26753161A0A9EAF1587 = {
						DevelopmentTeam = TEAM_ID;
						ProvisioningStyle = Manual;
					};
					C4B615C12D974A47A115ED34 = {
						DevelopmentTeam = TEAM_ID;
						ProvisioningStyle = Manual;
					};
				};
			};
			buildConfigurationList = 20C352D911F6518EB6B5635E /* Build configuration list for PBXProject "DNSChanger" */;
			compatibilityVersion = "Xcode 14.0";
			developmentRegion = en;
			hasScannedForEncodings = 0;
			knownRegions = (
				Base,
				en,
			);
			mainGroup = 9264580A7D95B1692D5C1C6B;
			projectDirPath = "";
			projectRoot = "";
			targets = (
				C4B615C12D974A47A115ED34 /* DNSChanger */,
				B051C26753161A0A9EAF1587 /* DNSChangerHelper */,
			);
		};
/* End PBXProject section */

/* Begin PBXResourcesBuildPhase section */
		8B0158AB8971349F4D1E96DC /* Resources */ = {
			isa = PBXResourcesBuildPhase;
			buildActionMask = 2147483647;
			files = (
				BA4814724875B82B47F9BC25 /* DNSChangerHelper in Resources */,
			);
			runOnlyForDeploymentPostprocessing = 0;
		};
/* End PBXResourcesBuildPhase section */

/* Begin PBXShellScriptBuildPhase section */
		3781A3FAD1CCF81485427E54 /* Embed Helper into App Bundle */ = {
			isa = PBXShellScriptBuildPhase;
			alwaysOutOfDate = 1;
			buildActionMask = 2147483647;
			files = (
			);
			inputFileListPaths = (
			);
			inputPaths = (
			);
			name = "Embed Helper into App Bundle";
			outputFileListPaths = (
			);
			outputPaths = (
			);
			runOnlyForDeploymentPostprocessing = 0;
			shellPath = /bin/sh;
			shellScript = "set -euo pipefail\nAPP_CONTENTS=\"${TARGET_BUILD_DIR}/${PRODUCT_NAME}.app/Contents\"\nHELPER_SRC=\"${BUILT_PRODUCTS_DIR}/DNSChangerHelper\"\nHELPER_DST=\"${APP_CONTENTS}/Library/LaunchServices/com.pacman.DNSChangerHelper\"\nif [ -x \"$HELPER_SRC\" ]; then\n  mkdir -p \"$(dirname \"$HELPER_DST\")\"\n  /bin/cp -f \"$HELPER_SRC\" \"$HELPER_DST\"\n  /bin/chmod 755 \"$HELPER_DST\"\nelse\n  echo \"Helper executable not found at $HELPER_SRC; skipping embed.\"\nfi\n";
		};
		600B10C00DC0F1BFEF6E2B22 /* Copy Proxy Resources */ = {
			isa = PBXShellScriptBuildPhase;
			alwaysOutOfDate = 1;
			buildActionMask = 2147483647;
			files = (
			);
			inputFileListPaths = (
			);
			inputPaths = (
			);
			name = "Copy Proxy Resources";
			outputFileListPaths = (
			);
			outputPaths = (
			);
			runOnlyForDeploymentPostprocessing = 0;
			shellPath = /bin/sh;
			shellScript = "set -euo pipefail\nAPP_RESOURCES=\"${TARGET_BUILD_DIR}/${PRODUCT_NAME}.app/Contents/Resources\"\nPROXY_SRC=\"${PROJECT_DIR}/../Resources/proxy\"\nCONFIG_SRC=\"${PROJECT_DIR}/../Resources/config\"\n\n# Copy proxy directory\nif [ -d \"$PROXY_SRC\" ]; then\n  echo \"Copying proxy resources from $PROXY_SRC\"\n  mkdir -p \"${APP_RESOURCES}/proxy\"\n  /bin/cp -R \"$PROXY_SRC\"/* \"${APP_RESOURCES}/proxy/\"\n  chmod +x \"${APP_RESOURCES}/proxy/dnscrypt-proxy\" || true\n  echo \"Proxy resources copied successfully\"\nelse\n  echo \"Warning: Proxy directory not found at $PROXY_SRC\"\nfi\n\n# Copy config directory\nif [ -d \"$CONFIG_SRC\" ]; then\n  echo \"Copying config resources from $CONFIG_SRC\"\n  mkdir -p \"${APP_RESOURCES}/config\"\n  /bin/cp -R \"$CONFIG_SRC\"/* \"${APP_RESOURCES}/config/\"\n  echo \"Config resources copied successfully\"\nelse\n  echo \"Warning: Config directory not found at $CONFIG_SRC\"\nfi\n";
		};
		B23688D43318075A85B0AF10 /* Create Launchd Plist */ = {
			isa = PBXShellScriptBuildPhase;
			alwaysOutOfDate = 1;
			buildActionMask = 2147483647;
			files = (
			);
			inputFileListPaths = (
			);
			inputPaths = (
			);
			name = "Create Launchd Plist";
			outputFileListPaths = (
			);
			outputPaths = (
			);
			runOnlyForDeploymentPostprocessing = 0;
			shellPath = /bin/sh;
			shellScript = "set -euo pipefail\n# Ensure helper is built as a launchd tool with Info.plist containing MachServices\n:\n";
		};
		FABAB12676056381B774FC9D /* Inject Helper Code Requirement */ = {
			isa = PBXShellScriptBuildPhase;
			alwaysOutOfDate = 1;
			buildActionMask = 2147483647;
			files = (
			);
			inputFileListPaths = (
			);
			inputPaths = (
			);
			name = "Inject Helper Code Requirement";
			outputFileListPaths = (
			);
			outputPaths = (
			);
			runOnlyForDeploymentPostprocessing = 0;
			shellPath = /bin/sh;
			shellScript = "set -euo pipefail\nHELPER_APP=\"${BUILT_PRODUCTS_DIR}/DNSChangerHelper\"\nif [ -x \"$HELPER_APP\" ]; then\n  REQ=\"$(/usr/bin/codesign -dr - \"$HELPER_APP\" 2>/dev/null | /usr/bin/sed 's/^designated => //' || true)\"\n  if [ -n \"$REQ\" ]; then\n    /usr/libexec/PlistBuddy -c \"Delete :SMPrivilegedExecutables:com.pacman.DNSChangerHelper\" \"${TARGET_BUILD_DIR}/${INFOPLIST_PATH}\" || true\n    /usr/libexec/PlistBuddy -c \"Add :SMPrivilegedExecutables:com.pacman.DNSChangerHelper string $REQ\" \"${TARGET_BUILD_DIR}/${INFOPLIST_PATH}\"\n  else\n    echo \"Helper not signed; skipping SMPrivilegedExecutables injection.\"\n  fi\nfi\n";
		};
/* End PBXShellScriptBuildPhase section */

/* Begin PBXSourcesBuildPhase section */
		16292721E99A11426B605A78 /* Sources */ = {
			isa = PBXSourcesBuildPhase;
			buildActionMask = 2147483647;
			files = (
				13A5260ABDF11F48DFC69373 /* AppDelegate.swift in Sources */,
				97E1E5668D7B9B741FE01F90 /* DNSChangerApp.swift in Sources */,
				70F967074CA6B6C9B207A5AD /* DNSChangerClient.swift in Sources */,
				9A23F951833B5992A634D6AA /* DNSChangerProtocol.swift in Sources */,
				4D97DDA082F834B675EA30BE /* DNSProfile.swift in Sources */,
				381FF70651FD14C4039B822A /* MenuBarController.swift in Sources */,
				AB605DFE3B6772FBA260D02D /* ProxyManager.swift in Sources */,
			);
			runOnlyForDeploymentPostprocessing = 0;
		};
		E00171D4D1F902CD8D82D97B /* Sources */ = {
			isa = PBXSourcesBuildPhase;
			buildActionMask = 2147483647;
			files = (
				ABAC3E948F93270815785CB4 /* DNSChangerHelper.swift in Sources */,
				9BA6E39F854E33FEC8C49FCB /* DNSChangerProtocol.swift in Sources */,
				E5FD49FF04B1F795AB58456A /* ProxyManager.swift in Sources */,
				D521211F79B20318340BB8A3 /* main.swift in Sources */,
			);
			runOnlyForDeploymentPostprocessing = 0;
		};
/* End PBXSourcesBuildPhase section */

/* Begin PBXTargetDependency section */
		FDD311AC920F73340F3BF7CA /* PBXTargetDependency */ = {
			isa = PBXTargetDependency;
			target = B051C26753161A0A9EAF1587 /* DNSChangerHelper */;
			targetProxy = F7E94C1AD424845FB611EFA7 /* PBXContainerItemProxy */;
		};
/* End PBXTargetDependency section */

/* Begin XCBuildConfiguration section */
		036BCF79914CDF0597DA49F2 /* Release */ = {
			isa = XCBuildConfiguration;
			buildSettings = {
				CODE_SIGN_IDENTITY = "Developer ID Application";
				COMBINE_HIDPI_IMAGES = YES;
				INFOPLIST_FILE = ../Sources/Helper/Info.plist;
				LAUNCHD_PLIST_OUTPUT_FORMAT = binary1;
				LD_RUNPATH_SEARCH_PATHS = (
					"$(inherited)",
					"@executable_path/../Frameworks",
				);
				MACH_O_TYPE = mh_execute;
				OTHER_CODE_SIGN_FLAGS = "--timestamp";
				PRODUCT_BUNDLE_IDENTIFIER = com.pacman.DNSChangerHelper;
				PRODUCT_NAME = DNSChangerHelper;
				SDKROOT = macosx;
			};
			name = Release;
		};
		25B3743E6FDDBF5B08E462E8 /* Release */ = {
			isa = XCBuildConfiguration;
			buildSettings = {
				ALWAYS_SEARCH_USER_PATHS = NO;
				CLANG_ANALYZER_NONNULL = YES;
				CLANG_ANALYZER_NUMBER_OBJECT_CONVERSION = YES_AGGRESSIVE;
				CLANG_CXX_LANGUAGE_STANDARD = "gnu++14";
				CLANG_CXX_LIBRARY = "libc++";
				CLANG_ENABLE_MODULES = YES;
				CLANG_ENABLE_OBJC_ARC = YES;
				CLANG_ENABLE_OBJC_WEAK = YES;
				CLANG_WARN_BLOCK_CAPTURE_AUTORELEASING = YES;
				CLANG_WARN_BOOL_CONVERSION = YES;
				CLANG_WARN_COMMA = YES;
				CLANG_WARN_CONSTANT_CONVERSION = YES;
				CLANG_WARN_DEPRECATED_OBJC_IMPLEMENTATIONS = YES;
				CLANG_WARN_DIRECT_OBJC_ISA_USAGE = YES_ERROR;
				CLANG_WARN_DOCUMENTATION_COMMENTS = YES;
				CLANG_WARN_EMPTY_BODY = YES;
				CLANG_WARN_ENUM_CONVERSION = YES;
				CLANG_WARN_INFINITE_RECURSION = YES;
				CLANG_WARN_INT_CONVERSION = YES;
				CLANG_WARN_NON_LITERAL_NULL_CONVERSION = YES;
				CLANG_WARN_OBJC_IMPLICIT_RETAIN_SELF = YES;
				CLANG_WARN_OBJC_LITERAL_CONVERSION = YES;
				CLANG_WARN_OBJC_ROOT_CLASS = YES_ERROR;
				CLANG_WARN_QUOTED_INCLUDE_IN_FRAMEWORK_HEADER = YES;
				CLANG_WARN_RANGE_LOOP_ANALYSIS = YES;
				CLANG_WARN_STRICT_PROTOTYPES = YES;
				CLANG_WARN_SUSPICIOUS_MOVE = YES;
				CLANG_WARN_UNGUARDED_AVAILABILITY = YES_AGGRESSIVE;
				CLANG_WARN_UNREACHABLE_CODE = YES;
				CLANG_WARN__DUPLICATE_METHOD_MATCH = YES;
				CODE_SIGN_IDENTITY = "Developer ID Application";
				CODE_SIGN_STYLE = Manual;
				COPY_PHASE_STRIP = NO;
				CURRENT_PROJECT_VERSION = 1;
				DEBUG_INFORMATION_FORMAT = "dwarf-with-dsym";
				DEVELOPMENT_TEAM = TEAM_ID;
				ENABLE_HARDENED_RUNTIME = YES;
				ENABLE_NS_ASSERTIONS = NO;
				ENABLE_STRICT_OBJC_MSGSEND = YES;
				GCC_C_LANGUAGE_STANDARD = gnu11;
				GCC_NO_COMMON_BLOCKS = YES;
				GCC_WARN_64_TO_32_BIT_CONVERSION = YES;
				GCC_WARN_ABOUT_RETURN_TYPE = YES_ERROR;
				GCC_WARN_UNDECLARED_SELECTOR = YES;
				GCC_WARN_UNINITIALIZED_AUTOS = YES_AGGRESSIVE;
				GCC_WARN_UNUSED_FUNCTION = YES;
				GCC_WARN_UNUSED_VARIABLE = YES;
				MACOSX_DEPLOYMENT_TARGET = 13.0;
				MARKETING_VERSION = 1.0.0;
				MTL_ENABLE_DEBUG_INFO = NO;
				MTL_FAST_MATH = YES;
				PRODUCT_NAME = DNSChanger;
				SDKROOT = macosx;
				SUPPORTED_ARCHS = "arm64 x86_64";
				SUPPORTED_PLATFORMS = macosx;
				SWIFT_COMPILATION_MODE = wholemodule;
				SWIFT_OPTIMIZATION_LEVEL = "-O";
				SWIFT_VERSION = 5.0;
			};
			name = Release;
		};
		44980DFC3BF389F54D8CD87F /* Debug */ = {
			isa = XCBuildConfiguration;
			buildSettings = {
				CODE_SIGN_IDENTITY = "Developer ID Application";
				COMBINE_HIDPI_IMAGES = YES;
				INFOPLIST_FILE = ../Sources/Helper/Info.plist;
				LAUNCHD_PLIST_OUTPUT_FORMAT = binary1;
				LD_RUNPATH_SEARCH_PATHS = (
					"$(inherited)",
					"@executable_path/../Frameworks",
				);
				MACH_O_TYPE = mh_execute;
				OTHER_CODE_SIGN_FLAGS = "--timestamp";
				PRODUCT_BUNDLE_IDENTIFIER = com.pacman.DNSChangerHelper;
				PRODUCT_NAME = DNSChangerHelper;
				SDKROOT = macosx;
			};
			name = Debug;
		};
		5521C76FE76E347EC866DA4A /* Debug */ = {
			isa = XCBuildConfiguration;
			buildSettings = {
				ALWAYS_SEARCH_USER_PATHS = NO;
				CLANG_ANALYZER_NONNULL = YES;
				CLANG_ANALYZER_NUMBER_OBJECT_CONVERSION = YES_AGGRESSIVE;
				CLANG_CXX_LANGUAGE_STANDARD = "gnu++14";
				CLANG_CXX_LIBRARY = "libc++";
				CLANG_ENABLE_MODULES = YES;
				CLANG_ENABLE_OBJC_ARC = YES;
				CLANG_ENABLE_OBJC_WEAK = YES;
				CLANG_WARN_BLOCK_CAPTURE_AUTORELEASING = YES;
				CLANG_WARN_BOOL_CONVERSION = YES;
				CLANG_WARN_COMMA = YES;
				CLANG_WARN_CONSTANT_CONVERSION = YES;
				CLANG_WARN_DEPRECATED_OBJC_IMPLEMENTATIONS = YES;
				CLANG_WARN_DIRECT_OBJC_ISA_USAGE = YES_ERROR;
				CLANG_WARN_DOCUMENTATION_COMMENTS = YES;
				CLANG_WARN_EMPTY_BODY = YES;
				CLANG_WARN_ENUM_CONVERSION = YES;
				CLANG_WARN_INFINITE_RECURSION = YES;
				CLANG_WARN_INT_CONVERSION = YES;
				CLANG_WARN_NON_LITERAL_NULL_CONVERSION = YES;
				CLANG_WARN_OBJC_IMPLICIT_RETAIN_SELF = YES;
				CLANG_WARN_OBJC_LITERAL_CONVERSION = YES;
				CLANG_WARN_OBJC_ROOT_CLASS = YES_ERROR;
				CLANG_WARN_QUOTED_INCLUDE_IN_FRAMEWORK_HEADER = YES;
				CLANG_WARN_RANGE_LOOP_ANALYSIS = YES;
				CLANG_WARN_STRICT_PROTOTYPES = YES;
				CLANG_WARN_SUSPICIOUS_MOVE = YES;
				CLANG_WARN_UNGUARDED_AVAILABILITY = YES_AGGRESSIVE;
				CLANG_WARN_UNREACHABLE_CODE = YES;
				CLANG_WARN__DUPLICATE_METHOD_MATCH = YES;
				CODE_SIGN_IDENTITY = "Developer ID Application";
				CODE_SIGN_STYLE = Manual;
				COPY_PHASE_STRIP = NO;
				CURRENT_PROJECT_VERSION = 1;
				DEBUG_INFORMATION_FORMAT = dwarf;
				DEVELOPMENT_TEAM = TEAM_ID;
				ENABLE_HARDENED_RUNTIME = YES;
				ENABLE_STRICT_OBJC_MSGSEND = YES;
				ENABLE_TESTABILITY = YES;
				GCC_C_LANGUAGE_STANDARD = gnu11;
				GCC_DYNAMIC_NO_PIC = NO;
				GCC_NO_COMMON_BLOCKS = YES;
				GCC_OPTIMIZATION_LEVEL = 0;
				GCC_PREPROCESSOR_DEFINITIONS = (
					"$(inherited)",
					"DEBUG=1",
				);
				GCC_WARN_64_TO_32_BIT_CONVERSION = YES;
				GCC_WARN_ABOUT_RETURN_TYPE = YES_ERROR;
				GCC_WARN_UNDECLARED_SELECTOR = YES;
				GCC_WARN_UNINITIALIZED_AUTOS = YES_AGGRESSIVE;
				GCC_WARN_UNUSED_FUNCTION = YES;
				GCC_WARN_UNUSED_VARIABLE = YES;
				MACOSX_DEPLOYMENT_TARGET = 13.0;
				MARKETING_VERSION = 1.0.0;
				MTL_ENABLE_DEBUG_INFO = INCLUDE_SOURCE;
				MTL_FAST_MATH = YES;
				ONLY_ACTIVE_ARCH = YES;
				PRODUCT_NAME = DNSChanger;
				SDKROOT = macosx;
				SUPPORTED_ARCHS = "arm64 x86_64";
				SUPPORTED_PLATFORMS = macosx;
				SWIFT_ACTIVE_COMPILATION_CONDITIONS = DEBUG;
				SWIFT_OPTIMIZATION_LEVEL = "-Onone";
				SWIFT_VERSION = 5.0;
			};
			name = Debug;
		};
		B57D3DC8295288269BB237C7 /* Release */ = {
			isa = XCBuildConfiguration;
			buildSettings = {
				ASSETCATALOG_COMPILER_APPICON_NAME = AppIcon;
				CODE_SIGN_IDENTITY = "$(DEVELOPER_ID_APP)";
				COMBINE_HIDPI_IMAGES = YES;
				INFOPLIST_FILE = "DNSChanger-Info.plist";
				LD_RUNPATH_SEARCH_PATHS = (
					"$(inherited)",
					"@executable_path/../Frameworks",
				);
				OTHER_CODE_SIGN_FLAGS = "--deep --timestamp";
				PRODUCT_BUNDLE_IDENTIFIER = com.pacman.DNSChanger;
				SDKROOT = macosx;
			};
			name = Release;
		};
		E19FB4B44428D629A38BACF2 /* Debug */ = {
			isa = XCBuildConfiguration;
			buildSettings = {
				ASSETCATALOG_COMPILER_APPICON_NAME = AppIcon;
				COMBINE_HIDPI_IMAGES = YES;
				INFOPLIST_FILE = "DNSChanger-Info.plist";
				LD_RUNPATH_SEARCH_PATHS = (
					"$(inherited)",
					"@executable_path/../Frameworks",
				);
				OTHER_CODE_SIGN_FLAGS = "--deep --timestamp";
				PRODUCT_BUNDLE_IDENTIFIER = com.pacman.DNSChanger;
				SDKROOT = macosx;
			};
			name = Debug;
		};
/* End XCBuildConfiguration section */

/* Begin XCConfigurationList section */
		20C352D911F6518EB6B5635E /* Build configuration list for PBXProject "DNSChanger" */ = {
			isa = XCConfigurationList;
			buildConfigurations = (
				5521C76FE76E347EC866DA4A /* Debug */,
				25B3743E6FDDBF5B08E462E8 /* Release */,
			);
			defaultConfigurationIsVisible = 0;
			defaultConfigurationName = Debug;
		};
		657BD6596B599B5D560511C8 /* Build configuration list for PBXNativeTarget "DNSChanger" */ = {
			isa = XCConfigurationList;
			buildConfigurations = (
				E19FB4B44428D629A38BACF2 /* Debug */,
				B57D3DC8295288269BB237C7 /* Release */,
			);
			defaultConfigurationIsVisible = 0;
			defaultConfigurationName = Debug;
		};
		875E2BB94B43F96C922FA17F /* Build configuration list for PBXNativeTarget "DNSChangerHelper" */ = {
			isa = XCConfigurationList;
			buildConfigurations = (
				44980DFC3BF389F54D8CD87F /* Debug */,
				036BCF79914CDF0597DA49F2 /* Release */,
			);
			defaultConfigurationIsVisible = 0;
			defaultConfigurationName = Debug;
		};
/* End XCConfigurationList section */
	};
	rootObject = 08DB6EE86A0CF40EE012932E /* Project object */;
}
